version = 1
revision = 1
requires-python = "==3.10.*"

[[package]]
name = "altgraph"
version = "0.17.4"
source = { registry = "https://pypi.org/simple" }
sdist = { url = "https://files.pythonhosted.org/packages/de/a8/7145824cf0b9e3c28046520480f207df47e927df83aa9555fb47f8505922/altgraph-0.17.4.tar.gz", hash = "sha256:1b5afbb98f6c4dcadb2e2ae6ab9fa994bbb8c1d75f4fa96d340f9437ae454406", size = 48418 }
wheels = [
    { url = "https://files.pythonhosted.org/packages/4d/3f/3bc3f1d83f6e4a7fcb834d3720544ca597590425be5ba9db032b2bf322a2/altgraph-0.17.4-py2.py3-none-any.whl", hash = "sha256:642743b4750de17e655e6711601b077bc6598dbfa3ba5fa2b2a35ce12b508dff", size = 21212 },
]

[[package]]
name = "antlr4-python3-runtime"
version = "4.9.3"
source = { registry = "https://pypi.org/simple" }
sdist = { url = "https://files.pythonhosted.org/packages/3e/38/7859ff46355f76f8d19459005ca000b6e7012f2f1ca597746cbcd1fbfe5e/antlr4-python3-runtime-4.9.3.tar.gz", hash = "sha256:f224469b4168294902bb1efa80a8bf7855f24c99aef99cbefc1bcd3cce77881b", size = 117034 }

[[package]]
name = "anyio"
version = "4.9.0"
source = { registry = "https://pypi.org/simple" }
dependencies = [
    { name = "exceptiongroup" },
    { name = "idna" },
    { name = "sniffio" },
    { name = "typing-extensions" },
]
sdist = { url = "https://files.pythonhosted.org/packages/95/7d/4c1bd541d4dffa1b52bd83fb8527089e097a106fc90b467a7313b105f840/anyio-4.9.0.tar.gz", hash = "sha256:673c0c244e15788651a4ff38710fea9675823028a6f08a5eda409e0c9840a028", size = 190949 }
wheels = [
    { url = "https://files.pythonhosted.org/packages/a1/ee/48ca1a7c89ffec8b6a0c5d02b89c305671d5ffd8d3c94acf8b8c408575bb/anyio-4.9.0-py3-none-any.whl", hash = "sha256:9f76d541cad6e36af7beb62e978876f3b41e3e04f2c1fbf0884604c0a9c4d93c", size = 100916 },
]

[[package]]
name = "cbor2"
version = "5.6.5"
source = { registry = "https://pypi.org/simple" }
sdist = { url = "https://files.pythonhosted.org/packages/e4/aa/ba55b47d51d27911981a18743b4d3cebfabccbb0598c09801b734cec4184/cbor2-5.6.5.tar.gz", hash = "sha256:b682820677ee1dbba45f7da11898d2720f92e06be36acec290867d5ebf3d7e09", size = 100886 }
wheels = [
    { url = "https://files.pythonhosted.org/packages/f1/f2/eada1d3fcaeddbd0f9a25381eed6b150f2858cf615d33ef7c14f9f86218a/cbor2-5.6.5-cp310-cp310-macosx_10_9_x86_64.whl", hash = "sha256:e16c4a87fc999b4926f5c8f6c696b0d251b4745bc40f6c5aee51d69b30b15ca2", size = 66473 },
    { url = "https://files.pythonhosted.org/packages/62/d8/33ec188eeff9c5e2e8ee8e214d15a0edf8fd001eefa01730e27834cfd410/cbor2-5.6.5-cp310-cp310-macosx_11_0_arm64.whl", hash = "sha256:87026fc838370d69f23ed8572939bd71cea2b3f6c8f8bb8283f573374b4d7f33", size = 67421 },
    { url = "https://files.pythonhosted.org/packages/fa/88/9b5fc312f21a10e048c348cead933e9f891cc09a295757957d8a5726641f/cbor2-5.6.5-cp310-cp310-manylinux_2_17_aarch64.manylinux2014_aarch64.whl", hash = "sha256:a88f029522aec5425fc2f941b3df90da7688b6756bd3f0472ab886d21208acbd", size = 253856 },
    { url = "https://files.pythonhosted.org/packages/bb/41/debb6f35d240caa8078a4a27c03e7eed09737575c564d619e1ee0e829616/cbor2-5.6.5-cp310-cp310-manylinux_2_17_x86_64.manylinux2014_x86_64.whl", hash = "sha256:b9d15b638539b68aa5d5eacc56099b4543a38b2d2c896055dccf7e83d24b7955", size = 242074 },
    { url = "https://files.pythonhosted.org/packages/0b/ba/5c07b001bb26bd91d96e4b3b720676a909e1acdbaf7d250a47c5d7a5a0f7/cbor2-5.6.5-cp310-cp310-musllinux_1_2_aarch64.whl", hash = "sha256:47261f54a024839ec649b950013c4de5b5f521afe592a2688eebbe22430df1dc", size = 241723 },
    { url = "https://files.pythonhosted.org/packages/b2/d5/27eced2cee4725bb876875f26d659063e2b7750d0dfb7572f451b569c4d1/cbor2-5.6.5-cp310-cp310-musllinux_1_2_x86_64.whl", hash = "sha256:559dcf0d897260a9e95e7b43556a62253e84550b77147a1ad4d2c389a2a30192", size = 240534 },
    { url = "https://files.pythonhosted.org/packages/20/55/bd657fdedb0d046762f9bf567b262b233175995d40302cdaa71d9aadcec8/cbor2-5.6.5-cp310-cp310-win_amd64.whl", hash = "sha256:5b856fda4c50c5bc73ed3664e64211fa4f015970ed7a15a4d6361bd48462feaf", size = 66291 },
    { url = "https://files.pythonhosted.org/packages/9b/ef/1c4698cac96d792005ef0611832f38eaee477c275ab4b02cbfc4daba7ad3/cbor2-5.6.5-py3-none-any.whl", hash = "sha256:3038523b8fc7de312bb9cdcbbbd599987e64307c4db357cd2030c472a6c7d468", size = 23752 },
]

[[package]]
name = "certifi"
version = "2025.7.9"
source = { registry = "https://pypi.org/simple" }
sdist = { url = "https://files.pythonhosted.org/packages/de/8a/c729b6b60c66a38f590c4e774decc4b2ec7b0576be8f1aa984a53ffa812a/certifi-2025.7.9.tar.gz", hash = "sha256:c1d2ec05395148ee10cf672ffc28cd37ea0ab0d99f9cc74c43e588cbd111b079", size = 160386 }
wheels = [
    { url = "https://files.pythonhosted.org/packages/66/f3/80a3f974c8b535d394ff960a11ac20368e06b736da395b551a49ce950cce/certifi-2025.7.9-py3-none-any.whl", hash = "sha256:d842783a14f8fdd646895ac26f719a061408834473cfc10203f6a575beb15d39", size = 159230 },
]

[[package]]
name = "chessonchain"
version = "0.1.0"
source = { virtual = "." }
dependencies = [
    { name = "kybra" },
    { name = "setuptools" },
]

[package.dev-dependencies]
dev = [
    { name = "ecdsa" },
    { name = "ic-py" },
    { name = "isort" },
]

[package.metadata]
requires-dist = [
    { name = "kybra", specifier = "==0.7.1" },
    { name = "setuptools", specifier = "==79.*" },
]

[package.metadata.requires-dev]
dev = [
    { name = "ecdsa", specifier = ">=0.19.1" },
    { name = "ic-py", specifier = ">=1.0.1" },
    { name = "isort", specifier = ">=6.0.1" },
]

[[package]]
name = "ecdsa"
version = "0.19.1"
source = { registry = "https://pypi.org/simple" }
dependencies = [
    { name = "six" },
]
sdist = { url = "https://files.pythonhosted.org/packages/c0/1f/924e3caae75f471eae4b26bd13b698f6af2c44279f67af317439c2f4c46a/ecdsa-0.19.1.tar.gz", hash = "sha256:478cba7b62555866fcb3bb3fe985e06decbdb68ef55713c4e5ab98c57d508e61", size = 201793 }
wheels = [
    { url = "https://files.pythonhosted.org/packages/cb/a3/460c57f094a4a165c84a1341c373b0a4f5ec6ac244b998d5021aade89b77/ecdsa-0.19.1-py2.py3-none-any.whl", hash = "sha256:30638e27cf77b7e15c4c4cc1973720149e1033827cfd00661ca5c8cc0cdb24c3", size = 150607 },
]

[[package]]
name = "exceptiongroup"
version = "1.3.0"
source = { registry = "https://pypi.org/simple" }
dependencies = [
    { name = "typing-extensions" },
]
sdist = { url = "https://files.pythonhosted.org/packages/0b/9f/a65090624ecf468cdca03533906e7c69ed7588582240cfe7cc9e770b50eb/exceptiongroup-1.3.0.tar.gz", hash = "sha256:b241f5885f560bc56a59ee63ca4c6a8bfa46ae4ad651af316d4e81817bb9fd88", size = 29749 }
wheels = [
    { url = "https://files.pythonhosted.org/packages/36/f4/c6e662dade71f56cd2f3735141b265c3c79293c109549c1e6933b0651ffc/exceptiongroup-1.3.0-py3-none-any.whl", hash = "sha256:4d111e6e0c13d0644cad6ddaa7ed0261a0b36971f6d23e7ec9b4b9097da78a10", size = 16674 },
]

[[package]]
name = "h11"
version = "0.16.0"
source = { registry = "https://pypi.org/simple" }
sdist = { url = "https://files.pythonhosted.org/packages/01/ee/02a2c011bdab74c6fb3c75474d40b3052059d95df7e73351460c8588d963/h11-0.16.0.tar.gz", hash = "sha256:4e35b956cf45792e4caa5885e69fba00bdbc6ffafbfa020300e549b208ee5ff1", size = 101250 }
wheels = [
    { url = "https://files.pythonhosted.org/packages/04/4b/29cac41a4d98d144bf5f6d33995617b185d14b22401f75ca86f384e87ff1/h11-0.16.0-py3-none-any.whl", hash = "sha256:63cf8bbe7522de3bf65932fda1d9c2772064ffb3dae62d55932da54b31cb6c86", size = 37515 },
]

[[package]]
name = "httpcore"
version = "1.0.9"
source = { registry = "https://pypi.org/simple" }
dependencies = [
    { name = "certifi" },
    { name = "h11" },
]
sdist = { url = "https://files.pythonhosted.org/packages/06/94/82699a10bca87a5556c9c59b5963f2d039dbd239f25bc2a63907a05a14cb/httpcore-1.0.9.tar.gz", hash = "sha256:6e34463af53fd2ab5d807f399a9b45ea31c3dfa2276f15a2c3f00afff6e176e8", size = 85484 }
wheels = [
    { url = "https://files.pythonhosted.org/packages/7e/f5/f66802a942d491edb555dd61e3a9961140fd64c90bce1eafd741609d334d/httpcore-1.0.9-py3-none-any.whl", hash = "sha256:2d400746a40668fc9dec9810239072b40b4484b640a8c38fd654a024c7a1bf55", size = 78784 },
]

[[package]]
name = "httpx"
version = "0.28.1"
source = { registry = "https://pypi.org/simple" }
dependencies = [
    { name = "anyio" },
    { name = "certifi" },
    { name = "httpcore" },
    { name = "idna" },
]
sdist = { url = "https://files.pythonhosted.org/packages/b1/df/48c586a5fe32a0f01324ee087459e112ebb7224f646c0b5023f5e79e9956/httpx-0.28.1.tar.gz", hash = "sha256:75e98c5f16b0f35b567856f597f06ff2270a374470a5c2392242528e3e3e42fc", size = 141406 }
wheels = [
    { url = "https://files.pythonhosted.org/packages/2a/39/e50c7c3a983047577ee07d2a9e53faf5a69493943ec3f6a384bdc792deb2/httpx-0.28.1-py3-none-any.whl", hash = "sha256:d909fcccc110f8c7faf814ca82a9a4d816bc5a6dbfea25d6591d6985b8ba59ad", size = 73517 },
]

[[package]]
name = "ic-py"
version = "1.0.1"
source = { registry = "https://pypi.org/simple" }
dependencies = [
    { name = "antlr4-python3-runtime" },
    { name = "cbor2" },
    { name = "ecdsa" },
    { name = "httpx" },
    { name = "leb128" },
    { name = "mnemonic" },
    { name = "waiter" },
]
sdist = { url = "https://files.pythonhosted.org/packages/e3/71/7dd9e1581b28a04b67a22bfa8462da8ef5d83353a46af3b0d8262015eb84/ic-py-1.0.1.tar.gz", hash = "sha256:d44d3f4d127e928cdc6b898e68d08a826cb43bb19fafe6d429bafc74838d55c9", size = 37556 }
wheels = [
    { url = "https://files.pythonhosted.org/packages/60/87/38763cd1a86f9b31194f045f9079cb2448aab7fa79bb718429daba98a4fa/ic_py-1.0.1-py3-none-any.whl", hash = "sha256:d72a214689ed8b2a645e9b5a910f62646b00e3375a1491910590fd5228aa6e9b", size = 40980 },
]

[[package]]
name = "idna"
version = "3.10"
source = { registry = "https://pypi.org/simple" }
sdist = { url = "https://files.pythonhosted.org/packages/f1/70/7703c29685631f5a7590aa73f1f1d3fa9a380e654b86af429e0934a32f7d/idna-3.10.tar.gz", hash = "sha256:12f65c9b470abda6dc35cf8e63cc574b1c52b11df2c86030af0ac09b01b13ea9", size = 190490 }
wheels = [
    { url = "https://files.pythonhosted.org/packages/76/c6/c88e154df9c4e1a2a66ccf0005a88dfb2650c1dffb6f5ce603dfbd452ce3/idna-3.10-py3-none-any.whl", hash = "sha256:946d195a0d259cbba61165e88e65941f16e9b36ea6ddb97f00452bae8b1287d3", size = 70442 },
]

[[package]]
name = "isort"
version = "6.0.1"
source = { registry = "https://pypi.org/simple" }
sdist = { url = "https://files.pythonhosted.org/packages/b8/21/1e2a441f74a653a144224d7d21afe8f4169e6c7c20bb13aec3a2dc3815e0/isort-6.0.1.tar.gz", hash = "sha256:1cb5df28dfbc742e490c5e41bad6da41b805b0a8be7bc93cd0fb2a8a890ac450", size = 821955 }
wheels = [
    { url = "https://files.pythonhosted.org/packages/c1/11/114d0a5f4dabbdcedc1125dee0888514c3c3b16d3e9facad87ed96fad97c/isort-6.0.1-py3-none-any.whl", hash = "sha256:2dc5d7f65c9678d94c88dfc29161a320eec67328bc97aad576874cb4be1e9615", size = 94186 },
]

[[package]]
name = "kybra"
version = "0.7.1"
source = { registry = "https://pypi.org/simple" }
dependencies = [
    { name = "modulegraph" },
]
sdist = { url = "https://files.pythonhosted.org/packages/b9/1c/45f978172e8276b95b505677d0f76bcbbaf0e0131fa8198627032337ed3f/kybra-0.7.1.tar.gz", hash = "sha256:ce4de39df45e43845abadbbda1f74455c61f94164a968758d4d45be85d21f7c5", size = 295394 }
wheels = [
    { url = "https://files.pythonhosted.org/packages/99/65/292ca5719a8e7696ab3bf80b975797fad541c17992205bb28c03cf5424ef/kybra-0.7.1-py3-none-any.whl", hash = "sha256:7730c7976b8c83cb0836bc846070834d9cabfc78cea921599b6623f6f977dfee", size = 399730 },
]

[[package]]
name = "leb128"
version = "1.0.8"
source = { registry = "https://pypi.org/simple" }
sdist = { url = "https://files.pythonhosted.org/packages/43/3b/476c8bcb181abb060e45bca5ce9b5ba055ea9e2ed3fac6c25b2fe7b9f16b/leb128-1.0.8.tar.gz", hash = "sha256:3a52dca242f93f87a3d766380a93a3fad53ef4044f03018d21705d3b2d9021ee", size = 3361 }
wheels = [
    { url = "https://files.pythonhosted.org/packages/09/97/45ab4bab1a89e6fdbc822f818bb18b39eed0dd7ed1faac8b89bc6b49a9ed/leb128-1.0.8-py3-none-any.whl", hash = "sha256:76cd271e75ea91aa2fbf7783d60cb7d667b62143d544bcee59159ff258bf4523", size = 3778 },
]

[[package]]
name = "mnemonic"
version = "0.20"
source = { registry = "https://pypi.org/simple" }
sdist = { url = "https://files.pythonhosted.org/packages/f8/8d/d4dc2b2bddfeb57cab4404a41749b577f578f71140ab754da9afa8f5c599/mnemonic-0.20.tar.gz", hash = "sha256:7c6fb5639d779388027a77944680aee4870f0fcd09b1e42a5525ee2ce4c625f6", size = 67596 }
wheels = [
    { url = "https://files.pythonhosted.org/packages/ae/95/3e07c33ffb26f5823b45a1c30db8acea44763198c2bd393e07e884f3295f/mnemonic-0.20-py3-none-any.whl", hash = "sha256:acd2168872d0379e7a10873bb3e12bf6c91b35de758135c4fbd1015ef18fafc5", size = 62028 },
]

[[package]]
name = "modulegraph"
version = "0.19.3"
source = { registry = "https://pypi.org/simple" }
dependencies = [
    { name = "altgraph" },
    { name = "setuptools" },
]
sdist = { url = "https://files.pythonhosted.org/packages/c1/52/aad6eb110a2a33860fced95ccee0a733657b3065864bc8ff215e116854f8/modulegraph-0.19.3.tar.gz", hash = "sha256:0d7817afd71d9aba86b86db014f405cc225f397217eec94bc8f6f473deffb761", size = 86550 }
wheels = [
    { url = "https://files.pythonhosted.org/packages/89/7d/07214480f21d41b0a6a7a7849cbc501e1345653422f6cbf164c2954d8789/modulegraph-0.19.3-py2.py3-none-any.whl", hash = "sha256:3f91f94d9b7f31904959b1e88c6257297b09fca4f03ac69fd2d0849517b91243", size = 33355 },
]

[[package]]
name = "setuptools"
version = "79.0.1"
source = { registry = "https://pypi.org/simple" }
sdist = { url = "https://files.pythonhosted.org/packages/bb/71/b6365e6325b3290e14957b2c3a804a529968c77a049b2ed40c095f749707/setuptools-79.0.1.tar.gz", hash = "sha256:128ce7b8f33c3079fd1b067ecbb4051a66e8526e7b65f6cec075dfc650ddfa88", size = 1367909 }
wheels = [
    { url = "https://files.pythonhosted.org/packages/0d/6d/b4752b044bf94cb802d88a888dc7d288baaf77d7910b7dedda74b5ceea0c/setuptools-79.0.1-py3-none-any.whl", hash = "sha256:e147c0549f27767ba362f9da434eab9c5dc0045d5304feb602a0af001089fc51", size = 1256281 },
]

[[package]]
name = "six"
version = "1.17.0"
source = { registry = "https://pypi.org/simple" }
sdist = { url = "https://files.pythonhosted.org/packages/94/e7/b2c673351809dca68a0e064b6af791aa332cf192da575fd474ed7d6f16a2/six-1.17.0.tar.gz", hash = "sha256:ff70335d468e7eb6ec65b95b99d3a2836546063f63acc5171de367e834932a81", size = 34031 }
wheels = [
    { url = "https://files.pythonhosted.org/packages/b7/ce/149a00dd41f10bc29e5921b496af8b574d8413afcd5e30dfa0ed46c2cc5e/six-1.17.0-py2.py3-none-any.whl", hash = "sha256:4721f391ed90541fddacab5acf947aa0d3dc7d27b2e1e8eda2be8970586c3274", size = 11050 },
]

[[package]]
name = "sniffio"
version = "1.3.1"
source = { registry = "https://pypi.org/simple" }
sdist = { url = "https://files.pythonhosted.org/packages/a2/87/a6771e1546d97e7e041b6ae58d80074f81b7d5121207425c964ddf5cfdbd/sniffio-1.3.1.tar.gz", hash = "sha256:f4324edc670a0f49750a81b895f35c3adb843cca46f0530f79fc1babb23789dc", size = 20372 }
wheels = [
    { url = "https://files.pythonhosted.org/packages/e9/44/75a9c9421471a6c4805dbf2356f7c181a29c1879239abab1ea2cc8f38b40/sniffio-1.3.1-py3-none-any.whl", hash = "sha256:2f6da418d1f1e0fddd844478f41680e794e6051915791a034ff65e5f100525a2", size = 10235 },
]

[[package]]
name = "typing-extensions"
version = "4.14.1"
source = { registry = "https://pypi.org/simple" }
sdist = { url = "https://files.pythonhosted.org/packages/98/5a/da40306b885cc8c09109dc2e1abd358d5684b1425678151cdaed4731c822/typing_extensions-4.14.1.tar.gz", hash = "sha256:38b39f4aeeab64884ce9f74c94263ef78f3c22467c8724005483154c26648d36", size = 107673 }
wheels = [
    { url = "https://files.pythonhosted.org/packages/b5/00/d631e67a838026495268c2f6884f3711a15a9a2a96cd244fdaea53b823fb/typing_extensions-4.14.1-py3-none-any.whl", hash = "sha256:d1e1e3b58374dc93031d6eda2420a48ea44a36c2b4766a4fdeb3710755731d76", size = 43906 },
]

[[package]]
name = "waiter"
version = "1.5"
source = { registry = "https://pypi.org/simple" }
sdist = { url = "https://files.pythonhosted.org/packages/e6/c1/92ba7e612d2abee9698ff3ca82ae835450b61fe3118fe6d42c8023e41506/waiter-1.5.tar.gz", hash = "sha256:5828a6370aa1b4c7e35cd5c00d9463007b91c96b38ded76ec84e47e5e0bb0117", size = 9582 }
wheels = [
    { url = "https://files.pythonhosted.org/packages/bb/08/2358acd30688803b0b0a91acd2fe5736101b44d7971e4eba333b65c5d895/waiter-1.5-py3-none-any.whl", hash = "sha256:97767067a18af26bd344f75cffdcd6c5bcccdf1c7b5588278855a8339a4570ca", size = 6716 },
]
